
Microsoft Visual Studio Solution File, Format Version 12.00
# Visual Studio Version 17
VisualStudioVersion = 17.2.32616.157
MinimumVisualStudioVersion = 10.0.40219.1
Project("{FAE04EC0-301F-11D3-BF4B-00C04F79EFBC}") = "WeatherApp", "WeatherApp\WeatherApp.csproj", "{D6CCF2BA-262B-45FE-8C82-3FCB927D8465}"
EndProject
Global
	GlobalSection(SolutionConfigurationPlatforms) = preSolution
		Debug|Any CPU = Debug|Any CPU
		Release|Any CPU = Release|Any CPU
	EndGlobalSection
	GlobalSection(ProjectConfigurationPlatforms) = postSolution
		{D6CCF2BA-262B-45FE-8C82-3FCB927D8465}.Debug|Any CPU.ActiveCfg = Debug|Any CPU
		{D6CCF2BA-262B-45FE-8C82-3FCB927D8465}.Debug|Any CPU.Build.0 = Debug|Any CPU
		{D6CCF2BA-262B-45FE-8C82-3FCB927D8465}.Release|Any CPU.ActiveCfg = Release|Any CPU
		{D6CCF2BA-262B-45FE-8C82-3FCB927D8465}.Release|Any CPU.Build.0 = Release|Any CPU
	EndGlobalSection
	GlobalSection(SolutionProperties) = preSolution
		HideSolutionNode = FALSE
	EndGlobalSection
	GlobalSection(ExtensibilityGlobals) = postSolution
		SolutionGuid = {835EC20D-6F93-40AF-83CE-171F2F87559A}
	EndGlobalSection
EndGlobal
